{
  "name": "tidepool",
  "version": "0.0.0",
  "lockfileVersion": 1,
  "requires": true,
  "dependencies": {
    "reqi": {
      "version": "1.0.3",
      "resolved": "https://registry.npmjs.org/reqi/-/reqi-1.0.3.tgz",
      "integrity": "sha512-4IFH4PgZoK2cwtq7p4tdmqWILZq26oxVI5VuF80m4Z1/CfOc1jbmPl2//jSrTL7bhmDtRQaPsrBERte4clAA6w=="
    }
  }
}
